
Microsoft Visual Studio Solution File, Format Version 12.00
# Visual Studio Version 17
VisualStudioVersion = 17.10.35004.147
MinimumVisualStudioVersion = 10.0.40219.1
Project("{FAE04EC0-301F-11D3-BF4B-00C04F79EFBC}") = "темп конвертер", "темп конвертер\темп конвертер.csproj", "{D8F09E1F-1698-4870-9996-969C14D55192}"
EndProject
Global
	GlobalSection(SolutionConfigurationPlatforms) = preSolution
		Debug|Any CPU = Debug|Any CPU
		Release|Any CPU = Release|Any CPU
	EndGlobalSection
	GlobalSection(ProjectConfigurationPlatforms) = postSolution
		{D8F09E1F-1698-4870-9996-969C14D55192}.Debug|Any CPU.ActiveCfg = Debug|Any CPU
		{D8F09E1F-1698-4870-9996-969C14D55192}.Debug|Any CPU.Build.0 = Debug|Any CPU
		{D8F09E1F-1698-4870-9996-969C14D55192}.Release|Any CPU.ActiveCfg = Release|Any CPU
		{D8F09E1F-1698-4870-9996-969C14D55192}.Release|Any CPU.Build.0 = Release|Any CPU
	EndGlobalSection
	GlobalSection(SolutionProperties) = preSolution
		HideSolutionNode = FALSE
	EndGlobalSection
	GlobalSection(ExtensibilityGlobals) = postSolution
		SolutionGuid = {379CA17D-1970-4B28-9F8F-A9808A3DC8B2}
	EndGlobalSection
EndGlobal
